// !$*UTF8*$!
{
	archiveVersion = 1;
	classes = {
	};
	objectVersion = 50;
	objects = {

/* Begin PBXBuildFile section */
		281109E45FA73CCB7819A6C5 /* Pods_EventLocatorAppTests.framework in Frameworks */ = {isa = PBXBuildFile; fileRef = 1C85B8064915D8634FF42F15 /* Pods_EventLocatorAppTests.framework */; };
		5F072A0D216AAE28000DA477 /* AppDelegate.swift in Sources */ = {isa = PBXBuildFile; fileRef = 5F072A0C216AAE28000DA477 /* AppDelegate.swift */; };
		5F072A0F216AAE28000DA477 /* ViewController.swift in Sources */ = {isa = PBXBuildFile; fileRef = 5F072A0E216AAE28000DA477 /* ViewController.swift */; };
		5F072A12216AAE28000DA477 /* Main.storyboard in Resources */ = {isa = PBXBuildFile; fileRef = 5F072A10216AAE28000DA477 /* Main.storyboard */; };
		5F072A14216AAE29000DA477 /* Assets.xcassets in Resources */ = {isa = PBXBuildFile; fileRef = 5F072A13216AAE29000DA477 /* Assets.xcassets */; };
		5F072A17216AAE29000DA477 /* LaunchScreen.storyboard in Resources */ = {isa = PBXBuildFile; fileRef = 5F072A15216AAE29000DA477 /* LaunchScreen.storyboard */; };
		5F072A22216AAE29000DA477 /* EventLocatorAppTests.swift in Sources */ = {isa = PBXBuildFile; fileRef = 5F072A21216AAE29000DA477 /* EventLocatorAppTests.swift */; };
		5F072A2D216AAE29000DA477 /* EventLocatorAppUITests.swift in Sources */ = {isa = PBXBuildFile; fileRef = 5F072A2C216AAE29000DA477 /* EventLocatorAppUITests.swift */; };
		5F10AF4C217684E700A07BFE /* WebService.swift in Sources */ = {isa = PBXBuildFile; fileRef = 5F10AF4B217684E700A07BFE /* WebService.swift */; };
		5F1EC1D5216D4C58007A61C3 /* eventDetailViewController.swift in Sources */ = {isa = PBXBuildFile; fileRef = 5F1EC1D4216D4C58007A61C3 /* eventDetailViewController.swift */; };
		5F5506222183B93A00696F35 /* RootViewController.swift in Sources */ = {isa = PBXBuildFile; fileRef = 5F5506212183B93A00696F35 /* RootViewController.swift */; };
		5F5506242183BAC900696F35 /* leftMenuViewController.swift in Sources */ = {isa = PBXBuildFile; fileRef = 5F5506232183BAC900696F35 /* leftMenuViewController.swift */; };
		5F5506262183BADF00696F35 /* rightMenuViewController.swift in Sources */ = {isa = PBXBuildFile; fileRef = 5F5506252183BADF00696F35 /* rightMenuViewController.swift */; };
		5FC73CCA216ABE380046F10E /* categoryCollectionViewCell.xib in Resources */ = {isa = PBXBuildFile; fileRef = 5FC73CC8216ABE370046F10E /* categoryCollectionViewCell.xib */; };
		5FC73CCB216ABE380046F10E /* categoryCollectionViewCell.swift in Sources */ = {isa = PBXBuildFile; fileRef = 5FC73CC9216ABE370046F10E /* categoryCollectionViewCell.swift */; };
		5FFFF2CE216AC7C20094FED1 /* EventListViewController.swift in Sources */ = {isa = PBXBuildFile; fileRef = 5FFFF2CD216AC7C20094FED1 /* EventListViewController.swift */; };
		5FFFF2D1216AC8880094FED1 /* EventListTableViewCell.xib in Resources */ = {isa = PBXBuildFile; fileRef = 5FFFF2CF216AC8880094FED1 /* EventListTableViewCell.xib */; };
		5FFFF2D2216AC8880094FED1 /* EventListTableViewCell.swift in Sources */ = {isa = PBXBuildFile; fileRef = 5FFFF2D0216AC8880094FED1 /* EventListTableViewCell.swift */; };
		6580745B32832DFD0145FF81 /* Pods_EventLocatorApp.framework in Frameworks */ = {isa = PBXBuildFile; fileRef = 46EF32D9E2BE13A013ACD53F /* Pods_EventLocatorApp.framework */; };
		D0D688B487572DA61A6C2DA6 /* Pods_EventLocatorAppUITests.framework in Frameworks */ = {isa = PBXBuildFile; fileRef = 1E6386928CF4EF2894E90F51 /* Pods_EventLocatorAppUITests.framework */; };
/* End PBXBuildFile section */

/* Begin PBXContainerItemProxy section */
		5F072A1E216AAE29000DA477 /* PBXContainerItemProxy */ = {
			isa = PBXContainerItemProxy;
			containerPortal = 5F072A01216AAE28000DA477 /* Project object */;
			proxyType = 1;
			remoteGlobalIDString = 5F072A08216AAE28000DA477;
			remoteInfo = EventLocatorApp;
		};
		5F072A29216AAE29000DA477 /* PBXContainerItemProxy */ = {
			isa = PBXContainerItemProxy;
			containerPortal = 5F072A01216AAE28000DA477 /* Project object */;
			proxyType = 1;
			remoteGlobalIDString = 5F072A08216AAE28000DA477;
			remoteInfo = EventLocatorApp;
		};
/* End PBXContainerItemProxy section */

/* Begin PBXFileReference section */
		1C85B8064915D8634FF42F15 /* Pods_EventLocatorAppTests.framework */ = {isa = PBXFileReference; explicitFileType = wrapper.framework; includeInIndex = 0; path = Pods_EventLocatorAppTests.framework; sourceTree = BUILT_PRODUCTS_DIR; };
		1E6386928CF4EF2894E90F51 /* Pods_EventLocatorAppUITests.framework */ = {isa = PBXFileReference; explicitFileType = wrapper.framework; includeInIndex = 0; path = Pods_EventLocatorAppUITests.framework; sourceTree = BUILT_PRODUCTS_DIR; };
		46EF32D9E2BE13A013ACD53F /* Pods_EventLocatorApp.framework */ = {isa = PBXFileReference; explicitFileType = wrapper.framework; includeInIndex = 0; path = Pods_EventLocatorApp.framework; sourceTree = BUILT_PRODUCTS_DIR; };
		5481F2438EC452CD0F448553 /* Pods-EventLocatorAppUITests.debug.xcconfig */ = {isa = PBXFileReference; includeInIndex = 1; lastKnownFileType = text.xcconfig; name = "Pods-EventLocatorAppUITests.debug.xcconfig"; path = "Pods/Target Support Files/Pods-EventLocatorAppUITests/Pods-EventLocatorAppUITests.debug.xcconfig"; sourceTree = "<group>"; };
		5F072A09216AAE28000DA477 /* EventLocatorApp.app */ = {isa = PBXFileReference; explicitFileType = wrapper.application; includeInIndex = 0; path = EventLocatorApp.app; sourceTree = BUILT_PRODUCTS_DIR; };
		5F072A0C216AAE28000DA477 /* AppDelegate.swift */ = {isa = PBXFileReference; lastKnownFileType = sourcecode.swift; path = AppDelegate.swift; sourceTree = "<group>"; };
		5F072A0E216AAE28000DA477 /* ViewController.swift */ = {isa = PBXFileReference; lastKnownFileType = sourcecode.swift; path = ViewController.swift; sourceTree = "<group>"; };
		5F072A11216AAE28000DA477 /* Base */ = {isa = PBXFileReference; lastKnownFileType = file.storyboard; name = Base; path = Base.lproj/Main.storyboard; sourceTree = "<group>"; };
		5F072A13216AAE29000DA477 /* Assets.xcassets */ = {isa = PBXFileReference; lastKnownFileType = folder.assetcatalog; path = Assets.xcassets; sourceTree = "<group>"; };
		5F072A16216AAE29000DA477 /* Base */ = {isa = PBXFileReference; lastKnownFileType = file.storyboard; name = Base; path = Base.lproj/LaunchScreen.storyboard; sourceTree = "<group>"; };
		5F072A18216AAE29000DA477 /* Info.plist */ = {isa = PBXFileReference; lastKnownFileType = text.plist.xml; path = Info.plist; sourceTree = "<group>"; };
		5F072A1D216AAE29000DA477 /* EventLocatorAppTests.xctest */ = {isa = PBXFileReference; explicitFileType = wrapper.cfbundle; includeInIndex = 0; path = EventLocatorAppTests.xctest; sourceTree = BUILT_PRODUCTS_DIR; };
		5F072A21216AAE29000DA477 /* EventLocatorAppTests.swift */ = {isa = PBXFileReference; lastKnownFileType = sourcecode.swift; path = EventLocatorAppTests.swift; sourceTree = "<group>"; };
		5F072A23216AAE29000DA477 /* Info.plist */ = {isa = PBXFileReference; lastKnownFileType = text.plist.xml; path = Info.plist; sourceTree = "<group>"; };
		5F072A28216AAE29000DA477 /* EventLocatorAppUITests.xctest */ = {isa = PBXFileReference; explicitFileType = wrapper.cfbundle; includeInIndex = 0; path = EventLocatorAppUITests.xctest; sourceTree = BUILT_PRODUCTS_DIR; };
		5F072A2C216AAE29000DA477 /* EventLocatorAppUITests.swift */ = {isa = PBXFileReference; lastKnownFileType = sourcecode.swift; path = EventLocatorAppUITests.swift; sourceTree = "<group>"; };
		5F072A2E216AAE29000DA477 /* Info.plist */ = {isa = PBXFileReference; lastKnownFileType = text.plist.xml; path = Info.plist; sourceTree = "<group>"; };
		5F10AF4B217684E700A07BFE /* WebService.swift */ = {isa = PBXFileReference; lastKnownFileType = sourcecode.swift; path = WebService.swift; sourceTree = "<group>"; };
		5F1EC1D4216D4C58007A61C3 /* eventDetailViewController.swift */ = {isa = PBXFileReference; fileEncoding = 4; lastKnownFileType = sourcecode.swift; path = eventDetailViewController.swift; sourceTree = "<group>"; };
		5F5506212183B93A00696F35 /* RootViewController.swift */ = {isa = PBXFileReference; lastKnownFileType = sourcecode.swift; path = RootViewController.swift; sourceTree = "<group>"; };
		5F5506232183BAC900696F35 /* leftMenuViewController.swift */ = {isa = PBXFileReference; lastKnownFileType = sourcecode.swift; path = leftMenuViewController.swift; sourceTree = "<group>"; };
		5F5506252183BADF00696F35 /* rightMenuViewController.swift */ = {isa = PBXFileReference; lastKnownFileType = sourcecode.swift; path = rightMenuViewController.swift; sourceTree = "<group>"; };
		5FC73CC8216ABE370046F10E /* categoryCollectionViewCell.xib */ = {isa = PBXFileReference; fileEncoding = 4; lastKnownFileType = file.xib; path = categoryCollectionViewCell.xib; sourceTree = "<group>"; };
		5FC73CC9216ABE370046F10E /* categoryCollectionViewCell.swift */ = {isa = PBXFileReference; fileEncoding = 4; lastKnownFileType = sourcecode.swift; path = categoryCollectionViewCell.swift; sourceTree = "<group>"; };
		5FFFF2CD216AC7C20094FED1 /* EventListViewController.swift */ = {isa = PBXFileReference; lastKnownFileType = sourcecode.swift; path = EventListViewController.swift; sourceTree = "<group>"; };
		5FFFF2CF216AC8880094FED1 /* EventListTableViewCell.xib */ = {isa = PBXFileReference; fileEncoding = 4; lastKnownFileType = file.xib; path = EventListTableViewCell.xib; sourceTree = "<group>"; };
		5FFFF2D0216AC8880094FED1 /* EventListTableViewCell.swift */ = {isa = PBXFileReference; fileEncoding = 4; lastKnownFileType = sourcecode.swift; path = EventListTableViewCell.swift; sourceTree = "<group>"; };
		6314CC5251B246ED9153E1E4 /* Pods-EventLocatorAppTests.release.xcconfig */ = {isa = PBXFileReference; includeInIndex = 1; lastKnownFileType = text.xcconfig; name = "Pods-EventLocatorAppTests.release.xcconfig"; path = "Pods/Target Support Files/Pods-EventLocatorAppTests/Pods-EventLocatorAppTests.release.xcconfig"; sourceTree = "<group>"; };
		79D75A9828F961A84F4C8AFE /* Pods-EventLocatorApp.release.xcconfig */ = {isa = PBXFileReference; includeInIndex = 1; lastKnownFileType = text.xcconfig; name = "Pods-EventLocatorApp.release.xcconfig"; path = "Pods/Target Support Files/Pods-EventLocatorApp/Pods-EventLocatorApp.release.xcconfig"; sourceTree = "<group>"; };
		846883C774C09BA6B9DE7D65 /* Pods-EventLocatorAppTests.debug.xcconfig */ = {isa = PBXFileReference; includeInIndex = 1; lastKnownFileType = text.xcconfig; name = "Pods-EventLocatorAppTests.debug.xcconfig"; path = "Pods/Target Support Files/Pods-EventLocatorAppTests/Pods-EventLocatorAppTests.debug.xcconfig"; sourceTree = "<group>"; };
		AAE2EC44E206FB6742495D0D /* Pods-EventLocatorAppUITests.release.xcconfig */ = {isa = PBXFileReference; includeInIndex = 1; lastKnownFileType = text.xcconfig; name = "Pods-EventLocatorAppUITests.release.xcconfig"; path = "Pods/Target Support Files/Pods-EventLocatorAppUITests/Pods-EventLocatorAppUITests.release.xcconfig"; sourceTree = "<group>"; };
		D29B6887650E83434087CD14 /* Pods-EventLocatorApp.debug.xcconfig */ = {isa = PBXFileReference; includeInIndex = 1; lastKnownFileType = text.xcconfig; name = "Pods-EventLocatorApp.debug.xcconfig"; path = "Pods/Target Support Files/Pods-EventLocatorApp/Pods-EventLocatorApp.debug.xcconfig"; sourceTree = "<group>"; };
/* End PBXFileReference section */

/* Begin PBXFrameworksBuildPhase section */
		5F072A06216AAE28000DA477 /* Frameworks */ = {
			isa = PBXFrameworksBuildPhase;
			buildActionMask = 2147483647;
			files = (
				6580745B32832DFD0145FF81 /* Pods_EventLocatorApp.framework in Frameworks */,
			);
			runOnlyForDeploymentPostprocessing = 0;
		};
		5F072A1A216AAE29000DA477 /* Frameworks */ = {
			isa = PBXFrameworksBuildPhase;
			buildActionMask = 2147483647;
			files = (
				281109E45FA73CCB7819A6C5 /* Pods_EventLocatorAppTests.framework in Frameworks */,
			);
			runOnlyForDeploymentPostprocessing = 0;
		};
		5F072A25216AAE29000DA477 /* Frameworks */ = {
			isa = PBXFrameworksBuildPhase;
			buildActionMask = 2147483647;
			files = (
				D0D688B487572DA61A6C2DA6 /* Pods_EventLocatorAppUITests.framework in Frameworks */,
			);
			runOnlyForDeploymentPostprocessing = 0;
		};
/* End PBXFrameworksBuildPhase section */

/* Begin PBXGroup section */
		328717D501B57D680B6D0083 /* Pods */ = {
			isa = PBXGroup;
			children = (
				D29B6887650E83434087CD14 /* Pods-EventLocatorApp.debug.xcconfig */,
				79D75A9828F961A84F4C8AFE /* Pods-EventLocatorApp.release.xcconfig */,
				846883C774C09BA6B9DE7D65 /* Pods-EventLocatorAppTests.debug.xcconfig */,
				6314CC5251B246ED9153E1E4 /* Pods-EventLocatorAppTests.release.xcconfig */,
				5481F2438EC452CD0F448553 /* Pods-EventLocatorAppUITests.debug.xcconfig */,
				AAE2EC44E206FB6742495D0D /* Pods-EventLocatorAppUITests.release.xcconfig */,
			);
			name = Pods;
			sourceTree = "<group>";
		};
		5F072A00216AAE28000DA477 = {
			isa = PBXGroup;
			children = (
				5F072A0C216AAE28000DA477 /* AppDelegate.swift */,
				5F072A0B216AAE28000DA477 /* EventLocatorApp */,
				5F072A20216AAE29000DA477 /* EventLocatorAppTests */,
				5F072A2B216AAE29000DA477 /* EventLocatorAppUITests */,
				5F072A0A216AAE28000DA477 /* Products */,
				328717D501B57D680B6D0083 /* Pods */,
				DD7543A00098B01BC7F72F9D /* Frameworks */,
			);
			sourceTree = "<group>";
		};
		5F072A0A216AAE28000DA477 /* Products */ = {
			isa = PBXGroup;
			children = (
				5F072A09216AAE28000DA477 /* EventLocatorApp.app */,
				5F072A1D216AAE29000DA477 /* EventLocatorAppTests.xctest */,
				5F072A28216AAE29000DA477 /* EventLocatorAppUITests.xctest */,
			);
			name = Products;
			sourceTree = "<group>";
		};
		5F072A0B216AAE28000DA477 /* EventLocatorApp */ = {
			isa = PBXGroup;
			children = (
				5F10AF4A21767CF100A07BFE /* Network */,
				5F1EC1D9216D4D9D007A61C3 /* UI */,
				5F1EC1D6216D4D3A007A61C3 /* View Controllers */,
				5F1EC1D8216D4D59007A61C3 /* UICollectionViewCell */,
				5F1EC1D7216D4D47007A61C3 /* UITableviewCell */,
				5F072A13216AAE29000DA477 /* Assets.xcassets */,
				5F072A18216AAE29000DA477 /* Info.plist */,
			);
			path = EventLocatorApp;
			sourceTree = "<group>";
		};
		5F072A20216AAE29000DA477 /* EventLocatorAppTests */ = {
			isa = PBXGroup;
			children = (
				5F072A21216AAE29000DA477 /* EventLocatorAppTests.swift */,
				5F072A23216AAE29000DA477 /* Info.plist */,
			);
			path = EventLocatorAppTests;
			sourceTree = "<group>";
		};
		5F072A2B216AAE29000DA477 /* EventLocatorAppUITests */ = {
			isa = PBXGroup;
			children = (
				5F072A2C216AAE29000DA477 /* EventLocatorAppUITests.swift */,
				5F072A2E216AAE29000DA477 /* Info.plist */,
			);
			path = EventLocatorAppUITests;
			sourceTree = "<group>";
		};
		5F10AF4A21767CF100A07BFE /* Network */ = {
			isa = PBXGroup;
			children = (
				5F10AF4B217684E700A07BFE /* WebService.swift */,
			);
			path = Network;
			sourceTree = "<group>";
		};
		5F1EC1D6216D4D3A007A61C3 /* View Controllers */ = {
			isa = PBXGroup;
			children = (
				5F072A0E216AAE28000DA477 /* ViewController.swift */,
				5FFFF2CD216AC7C20094FED1 /* EventListViewController.swift */,
				5F1EC1D4216D4C58007A61C3 /* eventDetailViewController.swift */,
				5F5506212183B93A00696F35 /* RootViewController.swift */,
				5F5506232183BAC900696F35 /* leftMenuViewController.swift */,
				5F5506252183BADF00696F35 /* rightMenuViewController.swift */,
			);
			path = "View Controllers";
			sourceTree = "<group>";
		};
		5F1EC1D7216D4D47007A61C3 /* UITableviewCell */ = {
			isa = PBXGroup;
			children = (
				5FFFF2D0216AC8880094FED1 /* EventListTableViewCell.swift */,
				5FFFF2CF216AC8880094FED1 /* EventListTableViewCell.xib */,
			);
			path = UITableviewCell;
			sourceTree = "<group>";
		};
		5F1EC1D8216D4D59007A61C3 /* UICollectionViewCell */ = {
			isa = PBXGroup;
			children = (
				5FC73CC9216ABE370046F10E /* categoryCollectionViewCell.swift */,
				5FC73CC8216ABE370046F10E /* categoryCollectionViewCell.xib */,
			);
			path = UICollectionViewCell;
			sourceTree = "<group>";
		};
		5F1EC1D9216D4D9D007A61C3 /* UI */ = {
			isa = PBXGroup;
			children = (
				5F072A10216AAE28000DA477 /* Main.storyboard */,
				5F072A15216AAE29000DA477 /* LaunchScreen.storyboard */,
			);
			path = UI;
			sourceTree = "<group>";
		};
		DD7543A00098B01BC7F72F9D /* Frameworks */ = {
			isa = PBXGroup;
			children = (
				46EF32D9E2BE13A013ACD53F /* Pods_EventLocatorApp.framework */,
				1C85B8064915D8634FF42F15 /* Pods_EventLocatorAppTests.framework */,
				1E6386928CF4EF2894E90F51 /* Pods_EventLocatorAppUITests.framework */,
			);
			name = Frameworks;
			sourceTree = "<group>";
		};
/* End PBXGroup section */

/* Begin PBXNativeTarget section */
		5F072A08216AAE28000DA477 /* EventLocatorApp */ = {
			isa = PBXNativeTarget;
			buildConfigurationList = 5F072A31216AAE29000DA477 /* Build configuration list for PBXNativeTarget "EventLocatorApp" */;
			buildPhases = (
				DE8BFCD7D34B9CCEBF17DB49 /* [CP] Check Pods Manifest.lock */,
				5F072A05216AAE28000DA477 /* Sources */,
				5F072A06216AAE28000DA477 /* Frameworks */,
				5F072A07216AAE28000DA477 /* Resources */,
				38F335FD3E3F40A9957F740E /* [CP] Embed Pods Frameworks */,
			);
			buildRules = (
			);
			dependencies = (
			);
			name = EventLocatorApp;
			productName = EventLocatorApp;
			productReference = 5F072A09216AAE28000DA477 /* EventLocatorApp.app */;
			productType = "com.apple.product-type.application";
		};
		5F072A1C216AAE29000DA477 /* EventLocatorAppTests */ = {
			isa = PBXNativeTarget;
			buildConfigurationList = 5F072A34216AAE29000DA477 /* Build configuration list for PBXNativeTarget "EventLocatorAppTests" */;
			buildPhases = (
				6453A657F56FF08604D0431D /* [CP] Check Pods Manifest.lock */,
				5F072A19216AAE29000DA477 /* Sources */,
				5F072A1A216AAE29000DA477 /* Frameworks */,
				5F072A1B216AAE29000DA477 /* Resources */,
			);
			buildRules = (
			);
			dependencies = (
				5F072A1F216AAE29000DA477 /* PBXTargetDependency */,
			);
			name = EventLocatorAppTests;
			productName = EventLocatorAppTests;
			productReference = 5F072A1D216AAE29000DA477 /* EventLocatorAppTests.xctest */;
			productType = "com.apple.product-type.bundle.unit-test";
		};
		5F072A27216AAE29000DA477 /* EventLocatorAppUITests */ = {
			isa = PBXNativeTarget;
			buildConfigurationList = 5F072A37216AAE29000DA477 /* Build configuration list for PBXNativeTarget "EventLocatorAppUITests" */;
			buildPhases = (
				5D4C66256E475BF6BDC34256 /* [CP] Check Pods Manifest.lock */,
				5F072A24216AAE29000DA477 /* Sources */,
				5F072A25216AAE29000DA477 /* Frameworks */,
				5F072A26216AAE29000DA477 /* Resources */,
			);
			buildRules = (
			);
			dependencies = (
				5F072A2A216AAE29000DA477 /* PBXTargetDependency */,
			);
			name = EventLocatorAppUITests;
			productName = EventLocatorAppUITests;
			productReference = 5F072A28216AAE29000DA477 /* EventLocatorAppUITests.xctest */;
			productType = "com.apple.product-type.bundle.ui-testing";
		};
/* End PBXNativeTarget section */

/* Begin PBXProject section */
		5F072A01216AAE28000DA477 /* Project object */ = {
			isa = PBXProject;
			attributes = {
				LastSwiftUpdateCheck = 0930;
				LastUpgradeCheck = 0930;
				ORGANIZATIONNAME = "Lakshmi Prasanna Garine";
				TargetAttributes = {
					5F072A08216AAE28000DA477 = {
						CreatedOnToolsVersion = 9.3.1;
					};
					5F072A1C216AAE29000DA477 = {
						CreatedOnToolsVersion = 9.3.1;
						TestTargetID = 5F072A08216AAE28000DA477;
					};
					5F072A27216AAE29000DA477 = {
						CreatedOnToolsVersion = 9.3.1;
						TestTargetID = 5F072A08216AAE28000DA477;
					};
				};
			};
			buildConfigurationList = 5F072A04216AAE28000DA477 /* Build configuration list for PBXProject "EventLocatorApp" */;
			compatibilityVersion = "Xcode 9.3";
			developmentRegion = en;
			hasScannedForEncodings = 0;
			knownRegions = (
				en,
				Base,
			);
			mainGroup = 5F072A00216AAE28000DA477;
			productRefGroup = 5F072A0A216AAE28000DA477 /* Products */;
			projectDirPath = "";
			projectRoot = "";
			targets = (
				5F072A08216AAE28000DA477 /* EventLocatorApp */,
				5F072A1C216AAE29000DA477 /* EventLocatorAppTests */,
				5F072A27216AAE29000DA477 /* EventLocatorAppUITests */,
			);
		};
/* End PBXProject section */

/* Begin PBXResourcesBuildPhase section */
		5F072A07216AAE28000DA477 /* Resources */ = {
			isa = PBXResourcesBuildPhase;
			buildActionMask = 2147483647;
			files = (
				5FC73CCA216ABE380046F10E /* categoryCollectionViewCell.xib in Resources */,
				5F072A17216AAE29000DA477 /* LaunchScreen.storyboard in Resources */,
				5F072A14216AAE29000DA477 /* Assets.xcassets in Resources */,
				5F072A12216AAE28000DA477 /* Main.storyboard in Resources */,
				5FFFF2D1216AC8880094FED1 /* EventListTableViewCell.xib in Resources */,
			);
			runOnlyForDeploymentPostprocessing = 0;
		};
		5F072A1B216AAE29000DA477 /* Resources */ = {
			isa = PBXResourcesBuildPhase;
			buildActionMask = 2147483647;
			files = (
			);
			runOnlyForDeploymentPostprocessing = 0;
		};
		5F072A26216AAE29000DA477 /* Resources */ = {
			isa = PBXResourcesBuildPhase;
			buildActionMask = 2147483647;
			files = (
			);
			runOnlyForDeploymentPostprocessing = 0;
		};
/* End PBXResourcesBuildPhase section */

/* Begin PBXShellScriptBuildPhase section */
		38F335FD3E3F40A9957F740E /* [CP] Embed Pods Frameworks */ = {
			isa = PBXShellScriptBuildPhase;
			buildActionMask = 2147483647;
			files = (
			);
			inputPaths = (
				"${SRCROOT}/Pods/Target Support Files/Pods-EventLocatorApp/Pods-EventLocatorApp-frameworks.sh",
				"${BUILT_PRODUCTS_DIR}/AKSideMenu/AKSideMenu.framework",
			);
			name = "[CP] Embed Pods Frameworks";
			outputPaths = (
				"${TARGET_BUILD_DIR}/${FRAMEWORKS_FOLDER_PATH}/AKSideMenu.framework",
			);
			runOnlyForDeploymentPostprocessing = 0;
			shellPath = /bin/sh;
			shellScript = "\"${SRCROOT}/Pods/Target Support Files/Pods-EventLocatorApp/Pods-EventLocatorApp-frameworks.sh\"\n";
			showEnvVarsInLog = 0;
		};
		5D4C66256E475BF6BDC34256 /* [CP] Check Pods Manifest.lock */ = {
			isa = PBXShellScriptBuildPhase;
			buildActionMask = 2147483647;
			files = (
			);
			inputPaths = (
				"${PODS_PODFILE_DIR_PATH}/Podfile.lock",
				"${PODS_ROOT}/Manifest.lock",
			);
			name = "[CP] Check Pods Manifest.lock";
			outputPaths = (
				"$(DERIVED_FILE_DIR)/Pods-EventLocatorAppUITests-checkManifestLockResult.txt",
			);
			runOnlyForDeploymentPostprocessing = 0;
			shellPath = /bin/sh;
			shellScript = "diff \"${PODS_PODFILE_DIR_PATH}/Podfile.lock\" \"${PODS_ROOT}/Manifest.lock\" > /dev/null\nif [ $? != 0 ] ; then\n    # print error to STDERR\n    echo \"error: The sandbox is not in sync with the Podfile.lock. Run 'pod install' or update your CocoaPods installation.\" >&2\n    exit 1\nfi\n# This output is used by Xcode 'outputs' to avoid re-running this script phase.\necho \"SUCCESS\" > \"${SCRIPT_OUTPUT_FILE_0}\"\n";
			showEnvVarsInLog = 0;
		};
		6453A657F56FF08604D0431D /* [CP] Check Pods Manifest.lock */ = {
			isa = PBXShellScriptBuildPhase;
			buildActionMask = 2147483647;
			files = (
			);
			inputPaths = (
				"${PODS_PODFILE_DIR_PATH}/Podfile.lock",
				"${PODS_ROOT}/Manifest.lock",
			);
			name = "[CP] Check Pods Manifest.lock";
			outputPaths = (
				"$(DERIVED_FILE_DIR)/Pods-EventLocatorAppTests-checkManifestLockResult.txt",
			);
			runOnlyForDeploymentPostprocessing = 0;
			shellPath = /bin/sh;
			shellScript = "diff \"${PODS_PODFILE_DIR_PATH}/Podfile.lock\" \"${PODS_ROOT}/Manifest.lock\" > /dev/null\nif [ $? != 0 ] ; then\n    # print error to STDERR\n    echo \"error: The sandbox is not in sync with the Podfile.lock. Run 'pod install' or update your CocoaPods installation.\" >&2\n    exit 1\nfi\n# This output is used by Xcode 'outputs' to avoid re-running this script phase.\necho \"SUCCESS\" > \"${SCRIPT_OUTPUT_FILE_0}\"\n";
			showEnvVarsInLog = 0;
		};
		DE8BFCD7D34B9CCEBF17DB49 /* [CP] Check Pods Manifest.lock */ = {
			isa = PBXShellScriptBuildPhase;
			buildActionMask = 2147483647;
			files = (
			);
			inputPaths = (
				"${PODS_PODFILE_DIR_PATH}/Podfile.lock",
				"${PODS_ROOT}/Manifest.lock",
			);
			name = "[CP] Check Pods Manifest.lock";
			outputPaths = (
				"$(DERIVED_FILE_DIR)/Pods-EventLocatorApp-checkManifestLockResult.txt",
			);
			runOnlyForDeploymentPostprocessing = 0;
			shellPath = /bin/sh;
			shellScript = "diff \"${PODS_PODFILE_DIR_PATH}/Podfile.lock\" \"${PODS_ROOT}/Manifest.lock\" > /dev/null\nif [ $? != 0 ] ; then\n    # print error to STDERR\n    echo \"error: The sandbox is not in sync with the Podfile.lock. Run 'pod install' or update your CocoaPods installation.\" >&2\n    exit 1\nfi\n# This output is used by Xcode 'outputs' to avoid re-running this script phase.\necho \"SUCCESS\" > \"${SCRIPT_OUTPUT_FILE_0}\"\n";
			showEnvVarsInLog = 0;
		};
/* End PBXShellScriptBuildPhase section */

/* Begin PBXSourcesBuildPhase section */
		5F072A05216AAE28000DA477 /* Sources */ = {
			isa = PBXSourcesBuildPhase;
			buildActionMask = 2147483647;
			files = (
				5F1EC1D5216D4C58007A61C3 /* eventDetailViewController.swift in Sources */,
				5F072A0F216AAE28000DA477 /* ViewController.swift in Sources */,
				5F10AF4C217684E700A07BFE /* WebService.swift in Sources */,
				5FFFF2CE216AC7C20094FED1 /* EventListViewController.swift in Sources */,
				5FC73CCB216ABE380046F10E /* categoryCollectionViewCell.swift in Sources */,
				5F072A0D216AAE28000DA477 /* AppDelegate.swift in Sources */,
				5F5506262183BADF00696F35 /* rightMenuViewController.swift in Sources */,
				5F5506242183BAC900696F35 /* leftMenuViewController.swift in Sources */,
				5F5506222183B93A00696F35 /* RootViewController.swift in Sources */,
				5FFFF2D2216AC8880094FED1 /* EventListTableViewCell.swift in Sources */,
			);
			runOnlyForDeploymentPostprocessing = 0;
		};
		5F072A19216AAE29000DA477 /* Sources */ = {
			isa = PBXSourcesBuildPhase;
			buildActionMask = 2147483647;
			files = (
				5F072A22216AAE29000DA477 /* EventLocatorAppTests.swift in Sources */,
			);
			runOnlyForDeploymentPostprocessing = 0;
		};
		5F072A24216AAE29000DA477 /* Sources */ = {
			isa = PBXSourcesBuildPhase;
			buildActionMask = 2147483647;
			files = (
				5F072A2D216AAE29000DA477 /* EventLocatorAppUITests.swift in Sources */,
			);
			runOnlyForDeploymentPostprocessing = 0;
		};
/* End PBXSourcesBuildPhase section */

/* Begin PBXTargetDependency section */
		5F072A1F216AAE29000DA477 /* PBXTargetDependency */ = {
			isa = PBXTargetDependency;
			target = 5F072A08216AAE28000DA477 /* EventLocatorApp */;
			targetProxy = 5F072A1E216AAE29000DA477 /* PBXContainerItemProxy */;
		};
		5F072A2A216AAE29000DA477 /* PBXTargetDependency */ = {
			isa = PBXTargetDependency;
			target = 5F072A08216AAE28000DA477 /* EventLocatorApp */;
			targetProxy = 5F072A29216AAE29000DA477 /* PBXContainerItemProxy */;
		};
/* End PBXTargetDependency section */

/* Begin PBXVariantGroup section */
		5F072A10216AAE28000DA477 /* Main.storyboard */ = {
			isa = PBXVariantGroup;
			children = (
				5F072A11216AAE28000DA477 /* Base */,
			);
			name = Main.storyboard;
			sourceTree = "<group>";
		};
		5F072A15216AAE29000DA477 /* LaunchScreen.storyboard */ = {
			isa = PBXVariantGroup;
			children = (
				5F072A16216AAE29000DA477 /* Base */,
			);
			name = LaunchScreen.storyboard;
			sourceTree = "<group>";
		};
/* End PBXVariantGroup section */

/* Begin XCBuildConfiguration section */
		5F072A2F216AAE29000DA477 /* Debug */ = {
			isa = XCBuildConfiguration;
			buildSettings = {
				ALWAYS_SEARCH_USER_PATHS = NO;
				CLANG_ANALYZER_NONNULL = YES;
				CLANG_ANALYZER_NUMBER_OBJECT_CONVERSION = YES_AGGRESSIVE;
				CLANG_CXX_LANGUAGE_STANDARD = "gnu++14";
				CLANG_CXX_LIBRARY = "libc++";
				CLANG_ENABLE_MODULES = YES;
				CLANG_ENABLE_OBJC_ARC = YES;
				CLANG_ENABLE_OBJC_WEAK = YES;
				CLANG_WARN_BLOCK_CAPTURE_AUTORELEASING = YES;
				CLANG_WARN_BOOL_CONVERSION = YES;
				CLANG_WARN_COMMA = YES;
				CLANG_WARN_CONSTANT_CONVERSION = YES;
				CLANG_WARN_DEPRECATED_OBJC_IMPLEMENTATIONS = YES;
				CLANG_WARN_DIRECT_OBJC_ISA_USAGE = YES_ERROR;
				CLANG_WARN_DOCUMENTATION_COMMENTS = YES;
				CLANG_WARN_EMPTY_BODY = YES;
				CLANG_WARN_ENUM_CONVERSION = YES;
				CLANG_WARN_INFINITE_RECURSION = YES;
				CLANG_WARN_INT_CONVERSION = YES;
				CLANG_WARN_NON_LITERAL_NULL_CONVERSION = YES;
				CLANG_WARN_OBJC_IMPLICIT_RETAIN_SELF = YES;
				CLANG_WARN_OBJC_LITERAL_CONVERSION = YES;
				CLANG_WARN_OBJC_ROOT_CLASS = YES_ERROR;
				CLANG_WARN_RANGE_LOOP_ANALYSIS = YES;
				CLANG_WARN_STRICT_PROTOTYPES = YES;
				CLANG_WARN_SUSPICIOUS_MOVE = YES;
				CLANG_WARN_UNGUARDED_AVAILABILITY = YES_AGGRESSIVE;
				CLANG_WARN_UNREACHABLE_CODE = YES;
				CLANG_WARN__DUPLICATE_METHOD_MATCH = YES;
				CODE_SIGN_IDENTITY = "iPhone Developer";
				COPY_PHASE_STRIP = NO;
				DEBUG_INFORMATION_FORMAT = dwarf;
				ENABLE_STRICT_OBJC_MSGSEND = YES;
				ENABLE_TESTABILITY = YES;
				GCC_C_LANGUAGE_STANDARD = gnu11;
				GCC_DYNAMIC_NO_PIC = NO;
				GCC_NO_COMMON_BLOCKS = YES;
				GCC_OPTIMIZATION_LEVEL = 0;
				GCC_PREPROCESSOR_DEFINITIONS = (
					"DEBUG=1",
					"$(inherited)",
				);
				GCC_WARN_64_TO_32_BIT_CONVERSION = YES;
				GCC_WARN_ABOUT_RETURN_TYPE = YES_ERROR;
				GCC_WARN_UNDECLARED_SELECTOR = YES;
				GCC_WARN_UNINITIALIZED_AUTOS = YES_AGGRESSIVE;
				GCC_WARN_UNUSED_FUNCTION = YES;
				GCC_WARN_UNUSED_VARIABLE = YES;
				IPHONEOS_DEPLOYMENT_TARGET = 11.0;
				MTL_ENABLE_DEBUG_INFO = YES;
				ONLY_ACTIVE_ARCH = YES;
				SDKROOT = iphoneos;
				SWIFT_ACTIVE_COMPILATION_CONDITIONS = DEBUG;
				SWIFT_OPTIMIZATION_LEVEL = "-Onone";
			};
			name = Debug;
		};
		5F072A30216AAE29000DA477 /* Release */ = {
			isa = XCBuildConfiguration;
			buildSettings = {
				ALWAYS_SEARCH_USER_PATHS = NO;
				CLANG_ANALYZER_NONNULL = YES;
				CLANG_ANALYZER_NUMBER_OBJECT_CONVERSION = YES_AGGRESSIVE;
				CLANG_CXX_LANGUAGE_STANDARD = "gnu++14";
				CLANG_CXX_LIBRARY = "libc++";
				CLANG_ENABLE_MODULES = YES;
				CLANG_ENABLE_OBJC_ARC = YES;
				CLANG_ENABLE_OBJC_WEAK = YES;
				CLANG_WARN_BLOCK_CAPTURE_AUTORELEASING = YES;
				CLANG_WARN_BOOL_CONVERSION = YES;
				CLANG_WARN_COMMA = YES;
				CLANG_WARN_CONSTANT_CONVERSION = YES;
				CLANG_WARN_DEPRECATED_OBJC_IMPLEMENTATIONS = YES;
				CLANG_WARN_DIRECT_OBJC_ISA_USAGE = YES_ERROR;
				CLANG_WARN_DOCUMENTATION_COMMENTS = YES;
				CLANG_WARN_EMPTY_BODY = YES;
				CLANG_WARN_ENUM_CONVERSION = YES;
				CLANG_WARN_INFINITE_RECURSION = YES;
				CLANG_WARN_INT_CONVERSION = YES;
				CLANG_WARN_NON_LITERAL_NULL_CONVERSION = YES;
				CLANG_WARN_OBJC_IMPLICIT_RETAIN_SELF = YES;
				CLANG_WARN_OBJC_LITERAL_CONVERSION = YES;
				CLANG_WARN_OBJC_ROOT_CLASS = YES_ERROR;
				CLANG_WARN_RANGE_LOOP_ANALYSIS = YES;
				CLANG_WARN_STRICT_PROTOTYPES = YES;
				CLANG_WARN_SUSPICIOUS_MOVE = YES;
				CLANG_WARN_UNGUARDED_AVAILABILITY = YES_AGGRESSIVE;
				CLANG_WARN_UNREACHABLE_CODE = YES;
				CLANG_WARN__DUPLICATE_METHOD_MATCH = YES;
				CODE_SIGN_IDENTITY = "iPhone Developer";
				COPY_PHASE_STRIP = NO;
				DEBUG_INFORMATION_FORMAT = "dwarf-with-dsym";
				ENABLE_NS_ASSERTIONS = NO;
				ENABLE_STRICT_OBJC_MSGSEND = YES;
				GCC_C_LANGUAGE_STANDARD = gnu11;
				GCC_NO_COMMON_BLOCKS = YES;
				GCC_WARN_64_TO_32_BIT_CONVERSION = YES;
				GCC_WARN_ABOUT_RETURN_TYPE = YES_ERROR;
				GCC_WARN_UNDECLARED_SELECTOR = YES;
				GCC_WARN_UNINITIALIZED_AUTOS = YES_AGGRESSIVE;
				GCC_WARN_UNUSED_FUNCTION = YES;
				GCC_WARN_UNUSED_VARIABLE = YES;
				IPHONEOS_DEPLOYMENT_TARGET = 11.0;
				MTL_ENABLE_DEBUG_INFO = NO;
				SDKROOT = iphoneos;
				SWIFT_COMPILATION_MODE = wholemodule;
				SWIFT_OPTIMIZATION_LEVEL = "-O";
				VALIDATE_PRODUCT = YES;
			};
			name = Release;
		};
		5F072A32216AAE29000DA477 /* Debug */ = {
			isa = XCBuildConfiguration;
			baseConfigurationReference = D29B6887650E83434087CD14 /* Pods-EventLocatorApp.debug.xcconfig */;
			buildSettings = {
				ASSETCATALOG_COMPILER_APPICON_NAME = AppIcon;
				CODE_SIGN_STYLE = Automatic;
				DEVELOPMENT_TEAM = JH38CN4A48;
				INFOPLIST_FILE = EventLocatorApp/Info.plist;
				LD_RUNPATH_SEARCH_PATHS = (
					"$(inherited)",
					"@executable_path/Frameworks",
				);
				PRODUCT_BUNDLE_IDENTIFIER = com.prasanna.EventLocatorApp;
				PRODUCT_NAME = "$(TARGET_NAME)";
				SWIFT_VERSION = 4.0;
				TARGETED_DEVICE_FAMILY = "1,2";
			};
			name = Debug;
		};
		5F072A33216AAE29000DA477 /* Release */ = {
			isa = XCBuildConfiguration;
			baseConfigurationReference = 79D75A9828F961A84F4C8AFE /* Pods-EventLocatorApp.release.xcconfig */;
			buildSettings = {
				ASSETCATALOG_COMPILER_APPICON_NAME = AppIcon;
				CODE_SIGN_STYLE = Automatic;
				DEVELOPMENT_TEAM = JH38CN4A48;
				INFOPLIST_FILE = EventLocatorApp/Info.plist;
				LD_RUNPATH_SEARCH_PATHS = (
					"$(inherited)",
					"@executable_path/Frameworks",
				);
				PRODUCT_BUNDLE_IDENTIFIER = com.prasanna.EventLocatorApp;
				PRODUCT_NAME = "$(TARGET_NAME)";
				SWIFT_VERSION = 4.0;
				TARGETED_DEVICE_FAMILY = "1,2";
			};
			name = Release;
		};
		5F072A35216AAE29000DA477 /* Debug */ = {
			isa = XCBuildConfiguration;
			baseConfigurationReference = 846883C774C09BA6B9DE7D65 /* Pods-EventLocatorAppTests.debug.xcconfig */;
			buildSettings = {
				ALWAYS_EMBED_SWIFT_STANDARD_LIBRARIES = YES;
				BUNDLE_LOADER = "$(TEST_HOST)";
				CODE_SIGN_STYLE = Automatic;
				INFOPLIST_FILE = EventLocatorAppTests/Info.plist;
				LD_RUNPATH_SEARCH_PATHS = (
					"$(inherited)",
					"@executable_path/Frameworks",
					"@loader_path/Frameworks",
				);
				PRODUCT_BUNDLE_IDENTIFIER = com.prasanna.EventLocatorAppTests;
				PRODUCT_NAME = "$(TARGET_NAME)";
				SWIFT_VERSION = 4.0;
				TARGETED_DEVICE_FAMILY = "1,2";
				TEST_HOST = "$(BUILT_PRODUCTS_DIR)/EventLocatorApp.app/EventLocatorApp";
			};
			name = Debug;
		};
		5F072A36216AAE29000DA477 /* Release */ = {
			isa = XCBuildConfiguration;
			baseConfigurationReference = 6314CC5251B246ED9153E1E4 /* Pods-EventLocatorAppTests.release.xcconfig */;
			buildSettings = {
				ALWAYS_EMBED_SWIFT_STANDARD_LIBRARIES = YES;
				BUNDLE_LOADER = "$(TEST_HOST)";
				CODE_SIGN_STYLE = Automatic;
				INFOPLIST_FILE = EventLocatorAppTests/Info.plist;
				LD_RUNPATH_SEARCH_PATHS = (
					"$(inherited)",
					"@executable_path/Frameworks",
					"@loader_path/Frameworks",
				);
				PRODUCT_BUNDLE_IDENTIFIER = com.prasanna.EventLocatorAppTests;
				PRODUCT_NAME = "$(TARGET_NAME)";
				SWIFT_VERSION = 4.0;
				TARGETED_DEVICE_FAMILY = "1,2";
				TEST_HOST = "$(BUILT_PRODUCTS_DIR)/EventLocatorApp.app/EventLocatorApp";
			};
			name = Release;
		};
		5F072A38216AAE29000DA477 /* Debug */ = {
			isa = XCBuildConfiguration;
			baseConfigurationReference = 5481F2438EC452CD0F448553 /* Pods-EventLocatorAppUITests.debug.xcconfig */;
			buildSettings = {
				ALWAYS_EMBED_SWIFT_STANDARD_LIBRARIES = YES;
				CODE_SIGN_STYLE = Automatic;
				INFOPLIST_FILE = EventLocatorAppUITests/Info.plist;
				LD_RUNPATH_SEARCH_PATHS = (
					"$(inherited)",
					"@executable_path/Frameworks",
					"@loader_path/Frameworks",
				);
				PRODUCT_BUNDLE_IDENTIFIER = com.prasanna.EventLocatorAppUITests;
				PRODUCT_NAME = "$(TARGET_NAME)";
				SWIFT_VERSION = 4.0;
				TARGETED_DEVICE_FAMILY = "1,2";
				TEST_TARGET_NAME = EventLocatorApp;
			};
			name = Debug;
		};
		5F072A39216AAE29000DA477 /* Release */ = {
			isa = XCBuildConfiguration;
			baseConfigurationReference = AAE2EC44E206FB6742495D0D /* Pods-EventLocatorAppUITests.release.xcconfig */;
			buildSettings = {
				ALWAYS_EMBED_SWIFT_STANDARD_LIBRARIES = YES;
				CODE_SIGN_STYLE = Automatic;
				INFOPLIST_FILE = EventLocatorAppUITests/Info.plist;
				LD_RUNPATH_SEARCH_PATHS = (
					"$(inherited)",
					"@executable_path/Frameworks",
					"@loader_path/Frameworks",
				);
				PRODUCT_BUNDLE_IDENTIFIER = com.prasanna.EventLocatorAppUITests;
				PRODUCT_NAME = "$(TARGET_NAME)";
				SWIFT_VERSION = 4.0;
				TARGETED_DEVICE_FAMILY = "1,2";
				TEST_TARGET_NAME = EventLocatorApp;
			};
			name = Release;
		};
/* End XCBuildConfiguration section */

/* Begin XCConfigurationList section */
		5F072A04216AAE28000DA477 /* Build configuration list for PBXProject "EventLocatorApp" */ = {
			isa = XCConfigurationList;
			buildConfigurations = (
				5F072A2F216AAE29000DA477 /* Debug */,
				5F072A30216AAE29000DA477 /* Release */,
			);
			defaultConfigurationIsVisible = 0;
			defaultConfigurationName = Release;
		};
		5F072A31216AAE29000DA477 /* Build configuration list for PBXNativeTarget "EventLocatorApp" */ = {
			isa = XCConfigurationList;
			buildConfigurations = (
				5F072A32216AAE29000DA477 /* Debug */,
				5F072A33216AAE29000DA477 /* Release */,
			);
			defaultConfigurationIsVisible = 0;
			defaultConfigurationName = Release;
		};
		5F072A34216AAE29000DA477 /* Build configuration list for PBXNativeTarget "EventLocatorAppTests" */ = {
			isa = XCConfigurationList;
			buildConfigurations = (
				5F072A35216AAE29000DA477 /* Debug */,
				5F072A36216AAE29000DA477 /* Release */,
			);
			defaultConfigurationIsVisible = 0;
			defaultConfigurationName = Release;
		};
		5F072A37216AAE29000DA477 /* Build configuration list for PBXNativeTarget "EventLocatorAppUITests" */ = {
			isa = XCConfigurationList;
			buildConfigurations = (
				5F072A38216AAE29000DA477 /* Debug */,
				5F072A39216AAE29000DA477 /* Release */,
			);
			defaultConfigurationIsVisible = 0;
			defaultConfigurationName = Release;
		};
/* End XCConfigurationList section */
	};
	rootObject = 5F072A01216AAE28000DA477 /* Project object */;
}
